// !$*UTF8*$!
{
	archiveVersion = 1;
	classes = {
	};
	objectVersion = 46;
	objects = {

/* Begin PBXBuildFile section */
		BBDB4A261AE4548400B8ABC0 /* main.m in Sources */ = {isa = PBXBuildFile; fileRef = BBDB4A251AE4548400B8ABC0 /* main.m */; };
		BBDB4A291AE4548400B8ABC0 /* AppDelegate.m in Sources */ = {isa = PBXBuildFile; fileRef = BBDB4A281AE4548400B8ABC0 /* AppDelegate.m */; };
		BBDB4A2C1AE4548400B8ABC0 /* ViewController.m in Sources */ = {isa = PBXBuildFile; fileRef = BBDB4A2B1AE4548400B8ABC0 /* ViewController.m */; };
		BBDB4A2F1AE4548400B8ABC0 /* Main.storyboard in Resources */ = {isa = PBXBuildFile; fileRef = BBDB4A2D1AE4548400B8ABC0 /* Main.storyboard */; };
		BBDB4A311AE4548400B8ABC0 /* Images.xcassets in Resources */ = {isa = PBXBuildFile; fileRef = BBDB4A301AE4548400B8ABC0 /* Images.xcassets */; };
		BBDB4A341AE4548400B8ABC0 /* LaunchScreen.xib in Resources */ = {isa = PBXBuildFile; fileRef = BBDB4A321AE4548400B8ABC0 /* LaunchScreen.xib */; };
		BBDB4A401AE4548400B8ABC0 /* Laika_AgeTests.m in Sources */ = {isa = PBXBuildFile; fileRef = BBDB4A3F1AE4548400B8ABC0 /* Laika_AgeTests.m */; };
		BBDB4A4A1AE4589C00B8ABC0 /* laika-space-dog.jpg in Resources */ = {isa = PBXBuildFile; fileRef = BBDB4A491AE4589C00B8ABC0 /* laika-space-dog.jpg */; };
/* End PBXBuildFile section */

/* Begin PBXContainerItemProxy section */
		BBDB4A3A1AE4548400B8ABC0 /* PBXContainerItemProxy */ = {
			isa = PBXContainerItemProxy;
			containerPortal = BBDB4A181AE4548400B8ABC0 /* Project object */;
			proxyType = 1;
			remoteGlobalIDString = BBDB4A1F1AE4548400B8ABC0;
			remoteInfo = Laika_Age;
		};
/* End PBXContainerItemProxy section */

/* Begin PBXFileReference section */
		BBDB4A201AE4548400B8ABC0 /* Laika_Age.app */ = {isa = PBXFileReference; explicitFileType = wrapper.application; includeInIndex = 0; path = Laika_Age.app; sourceTree = BUILT_PRODUCTS_DIR; };
		BBDB4A241AE4548400B8ABC0 /* Info.plist */ = {isa = PBXFileReference; lastKnownFileType = text.plist.xml; path = Info.plist; sourceTree = "<group>"; };
		BBDB4A251AE4548400B8ABC0 /* main.m */ = {isa = PBXFileReference; lastKnownFileType = sourcecode.c.objc; path = main.m; sourceTree = "<group>"; };
		BBDB4A271AE4548400B8ABC0 /* AppDelegate.h */ = {isa = PBXFileReference; lastKnownFileType = sourcecode.c.h; path = AppDelegate.h; sourceTree = "<group>"; };
		BBDB4A281AE4548400B8ABC0 /* AppDelegate.m */ = {isa = PBXFileReference; lastKnownFileType = sourcecode.c.objc; path = AppDelegate.m; sourceTree = "<group>"; };
		BBDB4A2A1AE4548400B8ABC0 /* ViewController.h */ = {isa = PBXFileReference; lastKnownFileType = sourcecode.c.h; path = ViewController.h; sourceTree = "<group>"; };
		BBDB4A2B1AE4548400B8ABC0 /* ViewController.m */ = {isa = PBXFileReference; lastKnownFileType = sourcecode.c.objc; path = ViewController.m; sourceTree = "<group>"; };
		BBDB4A2E1AE4548400B8ABC0 /* Base */ = {isa = PBXFileReference; lastKnownFileType = file.storyboard; name = Base; path = Base.lproj/Main.storyboard; sourceTree = "<group>"; };
		BBDB4A301AE4548400B8ABC0 /* Images.xcassets */ = {isa = PBXFileReference; lastKnownFileType = folder.assetcatalog; path = Images.xcassets; sourceTree = "<group>"; };
		BBDB4A331AE4548400B8ABC0 /* Base */ = {isa = PBXFileReference; lastKnownFileType = file.xib; name = Base; path = Base.lproj/LaunchScreen.xib; sourceTree = "<group>"; };
		BBDB4A391AE4548400B8ABC0 /* Laika_AgeTests.xctest */ = {isa = PBXFileReference; explicitFileType = wrapper.cfbundle; includeInIndex = 0; path = Laika_AgeTests.xctest; sourceTree = BUILT_PRODUCTS_DIR; };
		BBDB4A3E1AE4548400B8ABC0 /* Info.plist */ = {isa = PBXFileReference; lastKnownFileType = text.plist.xml; path = Info.plist; sourceTree = "<group>"; };
		BBDB4A3F1AE4548400B8ABC0 /* Laika_AgeTests.m */ = {isa = PBXFileReference; lastKnownFileType = sourcecode.c.objc; path = Laika_AgeTests.m; sourceTree = "<group>"; };
		BBDB4A491AE4589C00B8ABC0 /* laika-space-dog.jpg */ = {isa = PBXFileReference; lastKnownFileType = image.jpeg; path = "laika-space-dog.jpg"; sourceTree = "<group>"; };
/* End PBXFileReference section */

/* Begin PBXFrameworksBuildPhase section */
		BBDB4A1D1AE4548400B8ABC0 /* Frameworks */ = {
			isa = PBXFrameworksBuildPhase;
			buildActionMask = 2147483647;
			files = (
			);
			runOnlyForDeploymentPostprocessing = 0;
		};
		BBDB4A361AE4548400B8ABC0 /* Frameworks */ = {
			isa = PBXFrameworksBuildPhase;
			buildActionMask = 2147483647;
			files = (
			);
			runOnlyForDeploymentPostprocessing = 0;
		};
/* End PBXFrameworksBuildPhase section */

/* Begin PBXGroup section */
		BBDB4A171AE4548400B8ABC0 = {
			isa = PBXGroup;
			children = (
				BBDB4A221AE4548400B8ABC0 /* Laika_Age */,
				BBDB4A3C1AE4548400B8ABC0 /* Laika_AgeTests */,
				BBDB4A211AE4548400B8ABC0 /* Products */,
			);
			sourceTree = "<group>";
		};
		BBDB4A211AE4548400B8ABC0 /* Products */ = {
			isa = PBXGroup;
			children = (
				BBDB4A201AE4548400B8ABC0 /* Laika_Age.app */,
				BBDB4A391AE4548400B8ABC0 /* Laika_AgeTests.xctest */,
			);
			name = Products;
			sourceTree = "<group>";
		};
		BBDB4A221AE4548400B8ABC0 /* Laika_Age */ = {
			isa = PBXGroup;
			children = (
				BBDB4A271AE4548400B8ABC0 /* AppDelegate.h */,
				BBDB4A281AE4548400B8ABC0 /* AppDelegate.m */,
				BBDB4A2A1AE4548400B8ABC0 /* ViewController.h */,
				BBDB4A2B1AE4548400B8ABC0 /* ViewController.m */,
				BBDB4A2D1AE4548400B8ABC0 /* Main.storyboard */,
				BBDB4A301AE4548400B8ABC0 /* Images.xcassets */,
				BBDB4A321AE4548400B8ABC0 /* LaunchScreen.xib */,
				BBDB4A231AE4548400B8ABC0 /* Supporting Files */,
			);
			path = Laika_Age;
			sourceTree = "<group>";
		};
		BBDB4A231AE4548400B8ABC0 /* Supporting Files */ = {
			isa = PBXGroup;
			children = (
				BBDB4A491AE4589C00B8ABC0 /* laika-space-dog.jpg */,
				BBDB4A241AE4548400B8ABC0 /* Info.plist */,
				BBDB4A251AE4548400B8ABC0 /* main.m */,
			);
			name = "Supporting Files";
			sourceTree = "<group>";
		};
		BBDB4A3C1AE4548400B8ABC0 /* Laika_AgeTests */ = {
			isa = PBXGroup;
			children = (
				BBDB4A3F1AE4548400B8ABC0 /* Laika_AgeTests.m */,
				BBDB4A3D1AE4548400B8ABC0 /* Supporting Files */,
			);
			path = Laika_AgeTests;
			sourceTree = "<group>";
		};
		BBDB4A3D1AE4548400B8ABC0 /* Supporting Files */ = {
			isa = PBXGroup;
			children = (
				BBDB4A3E1AE4548400B8ABC0 /* Info.plist */,
			);
			name = "Supporting Files";
			sourceTree = "<group>";
		};
/* End PBXGroup section */

/* Begin PBXNativeTarget section */
		BBDB4A1F1AE4548400B8ABC0 /* Laika_Age */ = {
			isa = PBXNativeTarget;
			buildConfigurationList = BBDB4A431AE4548400B8ABC0 /* Build configuration list for PBXNativeTarget "Laika_Age" */;
			buildPhases = (
				BBDB4A1C1AE4548400B8ABC0 /* Sources */,
				BBDB4A1D1AE4548400B8ABC0 /* Frameworks */,
				BBDB4A1E1AE4548400B8ABC0 /* Resources */,
			);
			buildRules = (
			);
			dependencies = (
			);
			name = Laika_Age;
			productName = Laika_Age;
			productReference = BBDB4A201AE4548400B8ABC0 /* Laika_Age.app */;
			productType = "com.apple.product-type.application";
		};
		BBDB4A381AE4548400B8ABC0 /* Laika_AgeTests */ = {
			isa = PBXNativeTarget;
			buildConfigurationList = BBDB4A461AE4548400B8ABC0 /* Build configuration list for PBXNativeTarget "Laika_AgeTests" */;
			buildPhases = (
				BBDB4A351AE4548400B8ABC0 /* Sources */,
				BBDB4A361AE4548400B8ABC0 /* Frameworks */,
				BBDB4A371AE4548400B8ABC0 /* Resources */,
			);
			buildRules = (
			);
			dependencies = (
				BBDB4A3B1AE4548400B8ABC0 /* PBXTargetDependency */,
			);
			name = Laika_AgeTests;
			productName = Laika_AgeTests;
			productReference = BBDB4A391AE4548400B8ABC0 /* Laika_AgeTests.xctest */;
			productType = "com.apple.product-type.bundle.unit-test";
		};
/* End PBXNativeTarget section */

/* Begin PBXProject section */
		BBDB4A181AE4548400B8ABC0 /* Project object */ = {
			isa = PBXProject;
			attributes = {
				LastUpgradeCheck = 0630;
				ORGANIZATIONNAME = maptier;
				TargetAttributes = {
					BBDB4A1F1AE4548400B8ABC0 = {
						CreatedOnToolsVersion = 6.3;
					};
					BBDB4A381AE4548400B8ABC0 = {
						CreatedOnToolsVersion = 6.3;
						TestTargetID = BBDB4A1F1AE4548400B8ABC0;
					};
				};
			};
			buildConfigurationList = BBDB4A1B1AE4548400B8ABC0 /* Build configuration list for PBXProject "Laika_Age" */;
			compatibilityVersion = "Xcode 3.2";
			developmentRegion = English;
			hasScannedForEncodings = 0;
			knownRegions = (
				en,
				Base,
			);
			mainGroup = BBDB4A171AE4548400B8ABC0;
			productRefGroup = BBDB4A211AE4548400B8ABC0 /* Products */;
			projectDirPath = "";
			projectRoot = "";
			targets = (
				BBDB4A1F1AE4548400B8ABC0 /* Laika_Age */,
				BBDB4A381AE4548400B8ABC0 /* Laika_AgeTests */,
			);
		};
/* End PBXProject section */

/* Begin PBXResourcesBuildPhase section */
		BBDB4A1E1AE4548400B8ABC0 /* Resources */ = {
			isa = PBXResourcesBuildPhase;
			buildActionMask = 2147483647;
			files = (
				BBDB4A4A1AE4589C00B8ABC0 /* laika-space-dog.jpg in Resources */,
				BBDB4A2F1AE4548400B8ABC0 /* Main.storyboard in Resources */,
				BBDB4A341AE4548400B8ABC0 /* LaunchScreen.xib in Resources */,
				BBDB4A311AE4548400B8ABC0 /* Images.xcassets in Resources */,
			);
			runOnlyForDeploymentPostprocessing = 0;
		};
		BBDB4A371AE4548400B8ABC0 /* Resources */ = {
			isa = PBXResourcesBuildPhase;
			buildActionMask = 2147483647;
			files = (
			);
			runOnlyForDeploymentPostprocessing = 0;
		};
/* End PBXResourcesBuildPhase section */

/* Begin PBXSourcesBuildPhase section */
		BBDB4A1C1AE4548400B8ABC0 /* Sources */ = {
			isa = PBXSourcesBuildPhase;
			buildActionMask = 2147483647;
			files = (
				BBDB4A2C1AE4548400B8ABC0 /* ViewController.m in Sources */,
				BBDB4A291AE4548400B8ABC0 /* AppDelegate.m in Sources */,
				BBDB4A261AE4548400B8ABC0 /* main.m in Sources */,
			);
			runOnlyForDeploymentPostprocessing = 0;
		};
		BBDB4A351AE4548400B8ABC0 /* Sources */ = {
			isa = PBXSourcesBuildPhase;
			buildActionMask = 2147483647;
			files = (
				BBDB4A401AE4548400B8ABC0 /* Laika_AgeTests.m in Sources */,
			);
			runOnlyForDeploymentPostprocessing = 0;
		};
/* End PBXSourcesBuildPhase section */

/* Begin PBXTargetDependency section */
		BBDB4A3B1AE4548400B8ABC0 /* PBXTargetDependency */ = {
			isa = PBXTargetDependency;
			target = BBDB4A1F1AE4548400B8ABC0 /* Laika_Age */;
			targetProxy = BBDB4A3A1AE4548400B8ABC0 /* PBXContainerItemProxy */;
		};
/* End PBXTargetDependency section */

/* Begin PBXVariantGroup section */
		BBDB4A2D1AE4548400B8ABC0 /* Main.storyboard */ = {
			isa = PBXVariantGroup;
			children = (
				BBDB4A2E1AE4548400B8ABC0 /* Base */,
			);
			name = Main.storyboard;
			sourceTree = "<group>";
		};
		BBDB4A321AE4548400B8ABC0 /* LaunchScreen.xib */ = {
			isa = PBXVariantGroup;
			children = (
				BBDB4A331AE4548400B8ABC0 /* Base */,
			);
			name = LaunchScreen.xib;
			sourceTree = "<group>";
		};
/* End PBXVariantGroup section */

/* Begin XCBuildConfiguration section */
		BBDB4A411AE4548400B8ABC0 /* Debug */ = {
			isa = XCBuildConfiguration;
			buildSettings = {
				ALWAYS_SEARCH_USER_PATHS = NO;
				CLANG_CXX_LANGUAGE_STANDARD = "gnu++0x";
				CLANG_CXX_LIBRARY = "libc++";
				CLANG_ENABLE_MODULES = YES;
				CLANG_ENABLE_OBJC_ARC = YES;
				CLANG_WARN_BOOL_CONVERSION = YES;
				CLANG_WARN_CONSTANT_CONVERSION = YES;
				CLANG_WARN_DIRECT_OBJC_ISA_USAGE = YES_ERROR;
				CLANG_WARN_EMPTY_BODY = YES;
				CLANG_WARN_ENUM_CONVERSION = YES;
				CLANG_WARN_INT_CONVERSION = YES;
				CLANG_WARN_OBJC_ROOT_CLASS = YES_ERROR;
				CLANG_WARN_UNREACHABLE_CODE = YES;
				CLANG_WARN__DUPLICATE_METHOD_MATCH = YES;
				"CODE_SIGN_IDENTITY[sdk=iphoneos*]" = "iPhone Developer";
				COPY_PHASE_STRIP = NO;
				DEBUG_INFORMATION_FORMAT = "dwarf-with-dsym";
				ENABLE_STRICT_OBJC_MSGSEND = YES;
				GCC_C_LANGUAGE_STANDARD = gnu99;
				GCC_DYNAMIC_NO_PIC = NO;
				GCC_NO_COMMON_BLOCKS = YES;
				GCC_OPTIMIZATION_LEVEL = 0;
				GCC_PREPROCESSOR_DEFINITIONS = (
					"DEBUG=1",
					"$(inherited)",
				);
				GCC_SYMBOLS_PRIVATE_EXTERN = NO;
				GCC_WARN_64_TO_32_BIT_CONVERSION = YES;
				GCC_WARN_ABOUT_RETURN_TYPE = YES_ERROR;
				GCC_WARN_UNDECLARED_SELECTOR = YES;
				GCC_WARN_UNINITIALIZED_AUTOS = YES_AGGRESSIVE;
				GCC_WARN_UNUSED_FUNCTION = YES;
				GCC_WARN_UNUSED_VARIABLE = YES;
				IPHONEOS_DEPLOYMENT_TARGET = 8.3;
				MTL_ENABLE_DEBUG_INFO = YES;
				ONLY_ACTIVE_ARCH = YES;
				SDKROOT = iphoneos;
			};
			name = Debug;
		};
		BBDB4A421AE4548400B8ABC0 /* Release */ = {
			isa = XCBuildConfiguration;
			buildSettings = {
				ALWAYS_SEARCH_USER_PATHS = NO;
				CLANG_CXX_LANGUAGE_STANDARD = "gnu++0x";
				CLANG_CXX_LIBRARY = "libc++";
				CLANG_ENABLE_MODULES = YES;
				CLANG_ENABLE_OBJC_ARC = YES;
				CLANG_WARN_BOOL_CONVERSION = YES;
				CLANG_WARN_CONSTANT_CONVERSION = YES;
				CLANG_WARN_DIRECT_OBJC_ISA_USAGE = YES_ERROR;
				CLANG_WARN_EMPTY_BODY = YES;
				CLANG_WARN_ENUM_CONVERSION = YES;
				CLANG_WARN_INT_CONVERSION = YES;
				CLANG_WARN_OBJC_ROOT_CLASS = YES_ERROR;
				CLANG_WARN_UNREACHABLE_CODE = YES;
				CLANG_WARN__DUPLICATE_METHOD_MATCH = YES;
				"CODE_SIGN_IDENTITY[sdk=iphoneos*]" = "iPhone Developer";
				COPY_PHASE_STRIP = NO;
				DEBUG_INFORMATION_FORMAT = "dwarf-with-dsym";
				ENABLE_NS_ASSERTIONS = NO;
				ENABLE_STRICT_OBJC_MSGSEND = YES;
				GCC_C_LANGUAGE_STANDARD = gnu99;
				GCC_NO_COMMON_BLOCKS = YES;
				GCC_WARN_64_TO_32_BIT_CONVERSION = YES;
				GCC_WARN_ABOUT_RETURN_TYPE = YES_ERROR;
				GCC_WARN_UNDECLARED_SELECTOR = YES;
				GCC_WARN_UNINITIALIZED_AUTOS = YES_AGGRESSIVE;
				GCC_WARN_UNUSED_FUNCTION = YES;
				GCC_WARN_UNUSED_VARIABLE = YES;
				IPHONEOS_DEPLOYMENT_TARGET = 8.3;
				MTL_ENABLE_DEBUG_INFO = NO;
				SDKROOT = iphoneos;
				VALIDATE_PRODUCT = YES;
			};
			name = Release;
		};
		BBDB4A441AE4548400B8ABC0 /* Debug */ = {
			isa = XCBuildConfiguration;
			buildSettings = {
				ASSETCATALOG_COMPILER_APPICON_NAME = AppIcon;
				INFOPLIST_FILE = Laika_Age/Info.plist;
				LD_RUNPATH_SEARCH_PATHS = "$(inherited) @executable_path/Frameworks";
				PRODUCT_NAME = "$(TARGET_NAME)";
			};
			name = Debug;
		};
		BBDB4A451AE4548400B8ABC0 /* Release */ = {
			isa = XCBuildConfiguration;
			buildSettings = {
				ASSETCATALOG_COMPILER_APPICON_NAME = AppIcon;
				INFOPLIST_FILE = Laika_Age/Info.plist;
				LD_RUNPATH_SEARCH_PATHS = "$(inherited) @executable_path/Frameworks";
				PRODUCT_NAME = "$(TARGET_NAME)";
			};
			name = Release;
		};
		BBDB4A471AE4548400B8ABC0 /* Debug */ = {
			isa = XCBuildConfiguration;
			buildSettings = {
				BUNDLE_LOADER = "$(TEST_HOST)";
				FRAMEWORK_SEARCH_PATHS = (
					"$(SDKROOT)/Developer/Library/Frameworks",
					"$(inherited)",
				);
				GCC_PREPROCESSOR_DEFINITIONS = (
					"DEBUG=1",
					"$(inherited)",
				);
				INFOPLIST_FILE = Laika_AgeTests/Info.plist;
				LD_RUNPATH_SEARCH_PATHS = "$(inherited) @executable_path/Frameworks @loader_path/Frameworks";
				PRODUCT_NAME = "$(TARGET_NAME)";
				TEST_HOST = "$(BUILT_PRODUCTS_DIR)/Laika_Age.app/Laika_Age";
			};
			name = Debug;
		};
		BBDB4A481AE4548400B8ABC0 /* Release */ = {
			isa = XCBuildConfiguration;
			buildSettings = {
				BUNDLE_LOADER = "$(TEST_HOST)";
				FRAMEWORK_SEARCH_PATHS = (
					"$(SDKROOT)/Developer/Library/Frameworks",
					"$(inherited)",
				);
				INFOPLIST_FILE = Laika_AgeTests/Info.plist;
				LD_RUNPATH_SEARCH_PATHS = "$(inherited) @executable_path/Frameworks @loader_path/Frameworks";
				PRODUCT_NAME = "$(TARGET_NAME)";
				TEST_HOST = "$(BUILT_PRODUCTS_DIR)/Laika_Age.app/Laika_Age";
			};
			name = Release;
		};
/* End XCBuildConfiguration section */

/* Begin XCConfigurationList section */
		BBDB4A1B1AE4548400B8ABC0 /* Build configuration list for PBXProject "Laika_Age" */ = {
			isa = XCConfigurationList;
			buildConfigurations = (
				BBDB4A411AE4548400B8ABC0 /* Debug */,
				BBDB4A421AE4548400B8ABC0 /* Release */,
			);
			defaultConfigurationIsVisible = 0;
			defaultConfigurationName = Release;
		};
		BBDB4A431AE4548400B8ABC0 /* Build configuration list for PBXNativeTarget "Laika_Age" */ = {
			isa = XCConfigurationList;
			buildConfigurations = (
				BBDB4A441AE4548400B8ABC0 /* Debug */,
				BBDB4A451AE4548400B8ABC0 /* Release */,
			);
			defaultConfigurationIsVisible = 0;
			defaultConfigurationName = Release;
		};
		BBDB4A461AE4548400B8ABC0 /* Build configuration list for PBXNativeTarget "Laika_AgeTests" */ = {
			isa = XCConfigurationList;
			buildConfigurations = (
				BBDB4A471AE4548400B8ABC0 /* Debug */,
				BBDB4A481AE4548400B8ABC0 /* Release */,
			);
			defaultConfigurationIsVisible = 0;
			defaultConfigurationName = Release;
		};
/* End XCConfigurationList section */
	};
	rootObject = BBDB4A181AE4548400B8ABC0 /* Project object */;
}
